
Microsoft Visual Studio Solution File, Format Version 12.00
# Visual Studio Version 16
VisualStudioVersion = 16.0.32630.194
MinimumVisualStudioVersion = 10.0.40219.1
Project("{FAE04EC0-301F-11D3-BF4B-00C04F79EFBC}") = "DB-to-CSV", "DB-to-CSV.csproj", "{50FD11E4-8CA2-4474-8779-4183948FEC1C}"
EndProject
Global
	GlobalSection(SolutionConfigurationPlatforms) = preSolution
		Debug|Any CPU = Debug|Any CPU
		Release|Any CPU = Release|Any CPU
	EndGlobalSection
	GlobalSection(ProjectConfigurationPlatforms) = postSolution
		{50FD11E4-8CA2-4474-8779-4183948FEC1C}.Debug|Any CPU.ActiveCfg = Debug|Any CPU
		{50FD11E4-8CA2-4474-8779-4183948FEC1C}.Debug|Any CPU.Build.0 = Debug|Any CPU
		{50FD11E4-8CA2-4474-8779-4183948FEC1C}.Release|Any CPU.ActiveCfg = Release|Any CPU
		{50FD11E4-8CA2-4474-8779-4183948FEC1C}.Release|Any CPU.Build.0 = Release|Any CPU
	EndGlobalSection
	GlobalSection(SolutionProperties) = preSolution
		HideSolutionNode = FALSE
	EndGlobalSection
	GlobalSection(ExtensibilityGlobals) = postSolution
		SolutionGuid = {9E38D5B5-E74A-489E-8532-3513B3D2ECE0}
	EndGlobalSection
EndGlobal
